
Microsoft Visual Studio Solution File, Format Version 12.00
# Visual Studio Version 17
VisualStudioVersion = 17.5.33424.131
MinimumVisualStudioVersion = 10.0.40219.1
Project("{9A19103F-16F7-4668-BE54-9A1E7A4F7556}") = "EmailProviderServer", "EmailProviderServer\EmailProviderServer.csproj", "{17265FD7-C682-4FB5-A458-BE571E556DFE}"
EndProject
Project("{9A19103F-16F7-4668-BE54-9A1E7A4F7556}") = "EmailServiceIntermediate", "EmailServiceIntermediate\EmailServiceIntermediate.csproj", "{117E8B32-7274-4E6E-A4D6-AAE13AB4424D}"
EndProject
Project("{9A19103F-16F7-4668-BE54-9A1E7A4F7556}") = "EMailProviderClient", "EMailProviderClient\EMailProviderClient.csproj", "{CD04439A-62C1-437A-90C8-8FEFCFF3F4DC}"
EndProject
Project("{2150E333-8FDC-42A3-9474-1A3956D46DE8}") = "Scripts", "Scripts", "{672AFA66-B921-4A80-8041-F36F73EA86A4}"
	ProjectSection(SolutionItems) = preProject
		C:\Users\krisi\Desktop\EMAIL Scripts\Create DB.sql = C:\Users\krisi\Desktop\EMAIL Scripts\Create DB.sql
		C:\Users\krisi\Desktop\EMAIL Scripts\Create Tables.sql = C:\Users\krisi\Desktop\EMAIL Scripts\Create Tables.sql
	EndProjectSection
EndProject
Project("{2150E333-8FDC-42A3-9474-1A3956D46DE8}") = "Solution Items", "Solution Items", "{61548381-6217-49E2-9A7F-42D10FCEAFCC}"
	ProjectSection(SolutionItems) = preProject
		.editorconfig = .editorconfig
	EndProjectSection
EndProject
Global
	GlobalSection(SolutionConfigurationPlatforms) = preSolution
		Debug|Any CPU = Debug|Any CPU
		Release|Any CPU = Release|Any CPU
	EndGlobalSection
	GlobalSection(ProjectConfigurationPlatforms) = postSolution
		{17265FD7-C682-4FB5-A458-BE571E556DFE}.Debug|Any CPU.ActiveCfg = Debug|Any CPU
		{17265FD7-C682-4FB5-A458-BE571E556DFE}.Debug|Any CPU.Build.0 = Debug|Any CPU
		{17265FD7-C682-4FB5-A458-BE571E556DFE}.Release|Any CPU.ActiveCfg = Release|Any CPU
		{17265FD7-C682-4FB5-A458-BE571E556DFE}.Release|Any CPU.Build.0 = Release|Any CPU
		{117E8B32-7274-4E6E-A4D6-AAE13AB4424D}.Debug|Any CPU.ActiveCfg = Debug|Any CPU
		{117E8B32-7274-4E6E-A4D6-AAE13AB4424D}.Debug|Any CPU.Build.0 = Debug|Any CPU
		{117E8B32-7274-4E6E-A4D6-AAE13AB4424D}.Release|Any CPU.ActiveCfg = Release|Any CPU
		{117E8B32-7274-4E6E-A4D6-AAE13AB4424D}.Release|Any CPU.Build.0 = Release|Any CPU
		{CD04439A-62C1-437A-90C8-8FEFCFF3F4DC}.Debug|Any CPU.ActiveCfg = Debug|Any CPU
		{CD04439A-62C1-437A-90C8-8FEFCFF3F4DC}.Debug|Any CPU.Build.0 = Debug|Any CPU
		{CD04439A-62C1-437A-90C8-8FEFCFF3F4DC}.Release|Any CPU.ActiveCfg = Release|Any CPU
		{CD04439A-62C1-437A-90C8-8FEFCFF3F4DC}.Release|Any CPU.Build.0 = Release|Any CPU
	EndGlobalSection
	GlobalSection(SolutionProperties) = preSolution
		HideSolutionNode = FALSE
	EndGlobalSection
	GlobalSection(ExtensibilityGlobals) = postSolution
		SolutionGuid = {15309496-439E-437B-B275-5A6FE33B75CE}
	EndGlobalSection
EndGlobal
